{
  "version": 4,
  "terraform_version": "1.2.3",
  "serial": 45,
  "lineage": "310f7063-1b93-52b8-1b73-511315df3a66",
  "outputs": {
    "repository_id": {
      "value": "repository_test_new",
      "type": "string"
    }
  },
  "resources": [
    {
      "mode": "managed",
      "type": "github_repository",
      "name": "create_repo_new",
      "provider": "provider[\"registry.terraform.io/hashicorp/github\"]",
      "instances": [
        {
          "schema_version": 0,
          "attributes": {
            "allow_auto_merge": false,
            "allow_merge_commit": true,
            "allow_rebase_merge": true,
            "allow_squash_merge": true,
            "archive_on_destroy": null,
            "archived": false,
            "auto_init": true,
            "branches": [
              {
                "name": "main",
                "protected": false
              }
            ],
            "default_branch": "main",
            "delete_branch_on_merge": true,
            "description": "Repo created by terraform script1",
            "etag": "W/\"ec82187ebc1cb64bb880aafa8e1f5f313a8cd6d84835f8e13fb3e9041a67d3ab\"",
            "full_name": "indiaaustralia/repository_test_new",
            "git_clone_url": "git://github.com/indiaaustralia/repository_test_new.git",
            "gitignore_template": null,
            "has_downloads": false,
            "has_issues": false,
            "has_projects": false,
            "has_wiki": false,
            "homepage_url": "",
            "html_url": "https://github.com/indiaaustralia/repository_test_new",
            "http_clone_url": "https://github.com/indiaaustralia/repository_test_new.git",
            "id": "repository_test_new",
            "ignore_vulnerability_alerts_during_read": null,
            "is_template": false,
            "license_template": null,
            "name": "repository_test_new",
            "node_id": "R_kgDOHkCzDg",
            "pages": [],
            "private": true,
            "repo_id": 507556622,
            "ssh_clone_url": "git@github.com:indiaaustralia/repository_test_new.git",
            "svn_url": "https://github.com/indiaaustralia/repository_test_new",
            "template": [],
            "topics": null,
            "visibility": "private",
            "vulnerability_alerts": false
          },
          "sensitive_attributes": [],
          "private": "bnVsbA=="
        }
      ]
    },
    {
      "module": "module.github_team",
      "mode": "managed",
      "type": "github_team",
      "name": "create_team",
      "provider": "provider[\"registry.terraform.io/hashicorp/github\"]",
      "instances": [
        {
          "schema_version": 0,
          "attributes": {
            "create_default_maintainer": false,
            "description": "team where developer is associated",
            "etag": "W/\"4f9c65e7c86b58a5854f17372a63660fd5da13ba96e051846e927dd86d7af1a5\"",
            "id": "6266317",
            "ldap_dn": "",
            "members_count": 1,
            "name": "developer_new",
            "node_id": "T_kwDOBnMTLc4AX53N",
            "parent_team_id": null,
            "privacy": "closed",
            "slug": "developer_new"
          },
          "sensitive_attributes": [],
          "private": "bnVsbA=="
        }
      ]
    },
    {
      "module": "module.github_team",
      "mode": "managed",
      "type": "github_team",
      "name": "create_teams",
      "provider": "provider[\"registry.terraform.io/hashicorp/github\"]",
      "instances": [
        {
          "index_key": 0,
          "schema_version": 0,
          "attributes": {
            "create_default_maintainer": false,
            "description": "team where developer is associated",
            "etag": "W/\"cc3025ce62f701d1289eb565913c52d10c5b8b2d599f2e9303e5a9b3b4b152f4\"",
            "id": "6266353",
            "ldap_dn": "",
            "members_count": 0,
            "name": "dev",
            "node_id": "T_kwDOBnMTLc4AX53x",
            "parent_team_id": null,
            "privacy": "closed",
            "slug": "dev"
          },
          "sensitive_attributes": [],
          "private": "bnVsbA=="
        },
        {
          "index_key": 1,
          "schema_version": 0,
          "attributes": {
            "create_default_maintainer": false,
            "description": "team where developer is associated",
            "etag": "W/\"8b1cc1aa5560528d7cb04987de00d884678d2a731c63d0584b4117a1f7a2be4e\"",
            "id": "6266351",
            "ldap_dn": "",
            "members_count": 0,
            "name": "qa",
            "node_id": "T_kwDOBnMTLc4AX53v",
            "parent_team_id": null,
            "privacy": "closed",
            "slug": "qa"
          },
          "sensitive_attributes": [],
          "private": "bnVsbA=="
        },
        {
          "index_key": 2,
          "schema_version": 0,
          "attributes": {
            "create_default_maintainer": false,
            "description": "team where developer is associated",
            "etag": "W/\"af86d0fcbfadf0163cd4db712c37ca67b364592e5db637f56a01ccba185f037e\"",
            "id": "6266352",
            "ldap_dn": "",
            "members_count": 0,
            "name": "prod",
            "node_id": "T_kwDOBnMTLc4AX53w",
            "parent_team_id": null,
            "privacy": "closed",
            "slug": "prod"
          },
          "sensitive_attributes": [],
          "private": "bnVsbA=="
        }
      ]
    },
    {
      "module": "module.github_team",
      "mode": "managed",
      "type": "github_team_members",
      "name": "some_team_members",
      "provider": "provider[\"registry.terraform.io/hashicorp/github\"]",
      "instances": [
        {
          "schema_version": 0,
          "attributes": {
            "etag": "b5ec4707409dd7900fb5e9a0878dcfbd",
            "id": "6266317",
            "members": [
              {
                "role": "maintainer",
                "username": "radhumahe"
              },
              {
                "role": "member",
                "username": "mahesh"
              }
            ],
            "team_id": "6266317"
          },
          "sensitive_attributes": [],
          "private": "bnVsbA==",
          "dependencies": [
            "module.github_team.github_team.create_team"
          ]
        }
      ]
    },
    {
      "module": "module.repository_creation",
      "mode": "managed",
      "type": "github_repository",
      "name": "create_repo",
      "provider": "provider[\"registry.terraform.io/hashicorp/github\"]",
      "instances": [
        {
          "schema_version": 0,
          "attributes": {
            "allow_auto_merge": false,
            "allow_merge_commit": true,
            "allow_rebase_merge": true,
            "allow_squash_merge": true,
            "archive_on_destroy": null,
            "archived": false,
            "auto_init": true,
            "branches": [
              {
                "name": "main",
                "protected": false
              }
            ],
            "default_branch": "main",
            "delete_branch_on_merge": true,
            "description": "Repo created by terraform script",
            "etag": "W/\"482b58c1734c550a663e900035ea917f406c52ca57366d2780b44bd523488ce6\"",
            "full_name": "indiaaustralia/repository_test",
            "git_clone_url": "git://github.com/indiaaustralia/repository_test.git",
            "gitignore_template": null,
            "has_downloads": false,
            "has_issues": false,
            "has_projects": false,
            "has_wiki": false,
            "homepage_url": "",
            "html_url": "https://github.com/indiaaustralia/repository_test",
            "http_clone_url": "https://github.com/indiaaustralia/repository_test.git",
            "id": "repository_test",
            "ignore_vulnerability_alerts_during_read": null,
            "is_template": false,
            "license_template": null,
            "name": "repository_test",
            "node_id": "R_kgDOHkCLPQ",
            "pages": [],
            "private": true,
            "repo_id": 507546429,
            "ssh_clone_url": "git@github.com:indiaaustralia/repository_test.git",
            "svn_url": "https://github.com/indiaaustralia/repository_test",
            "template": [],
            "topics": null,
            "visibility": "private",
            "vulnerability_alerts": false
          },
          "sensitive_attributes": [],
          "private": "bnVsbA=="
        }
      ]
    }
  ]
}
