{
  "version": 4,
  "terraform_version": "1.2.3",
  "serial": 31,
  "lineage": "310f7063-1b93-52b8-1b73-511315df3a66",
  "outputs": {},
  "resources": [
    {
      "module": "module.github_team",
      "mode": "managed",
      "type": "github_team",
      "name": "create_team",
      "provider": "provider[\"registry.terraform.io/hashicorp/github\"]",
      "instances": [
        {
          "schema_version": 0,
          "attributes": {
            "create_default_maintainer": false,
            "description": "team where developer is associated",
            "etag": "W/\"dd12dbd0fcd585b6d4c77f7f98c7f02dc48799d521171706fe54a39478aab3f8\"",
            "id": "6266317",
            "ldap_dn": "",
            "members_count": 0,
            "name": "developer_new",
            "node_id": "T_kwDOBnMTLc4AX53N",
            "parent_team_id": null,
            "privacy": "closed",
            "slug": "developer_new"
          },
          "sensitive_attributes": [],
          "private": "bnVsbA=="
        }
      ]
    },
    {
      "module": "module.repository_creation",
      "mode": "managed",
      "type": "github_repository",
      "name": "create_repo",
      "provider": "provider[\"registry.terraform.io/hashicorp/github\"]",
      "instances": [
        {
          "schema_version": 0,
          "attributes": {
            "allow_auto_merge": false,
            "allow_merge_commit": true,
            "allow_rebase_merge": true,
            "allow_squash_merge": true,
            "archive_on_destroy": null,
            "archived": false,
            "auto_init": true,
            "branches": [
              {
                "name": "main",
                "protected": false
              }
            ],
            "default_branch": "main",
            "delete_branch_on_merge": true,
            "description": "Repo created by terraform script",
            "etag": "W/\"482b58c1734c550a663e900035ea917f406c52ca57366d2780b44bd523488ce6\"",
            "full_name": "indiaaustralia/repository_test",
            "git_clone_url": "git://github.com/indiaaustralia/repository_test.git",
            "gitignore_template": null,
            "has_downloads": false,
            "has_issues": false,
            "has_projects": false,
            "has_wiki": false,
            "homepage_url": "",
            "html_url": "https://github.com/indiaaustralia/repository_test",
            "http_clone_url": "https://github.com/indiaaustralia/repository_test.git",
            "id": "repository_test",
            "ignore_vulnerability_alerts_during_read": null,
            "is_template": false,
            "license_template": null,
            "name": "repository_test",
            "node_id": "R_kgDOHkCLPQ",
            "pages": [],
            "private": true,
            "repo_id": 507546429,
            "ssh_clone_url": "git@github.com:indiaaustralia/repository_test.git",
            "svn_url": "https://github.com/indiaaustralia/repository_test",
            "template": [],
            "topics": null,
            "visibility": "private",
            "vulnerability_alerts": false
          },
          "sensitive_attributes": [],
          "private": "bnVsbA=="
        }
      ]
    }
  ]
}
